<?xml version="1.0" encoding="utf-8"?>
<Project ToolsVersion="4.0" xmlns="http://schemas.microsoft.com/developer/msbuild/2003">
  <ItemGroup>
    <Filter Include="Pliki źródłowe">
      <UniqueIdentifier>{4FC737F1-C7A5-4376-A066-2A32D752A2FF}</UniqueIdentifier>
      <Extensions>cpp;c;cc;cxx;c++;cppm;ixx;def;odl;idl;hpj;bat;asm;asmx</Extensions>
    </Filter>
    <Filter Include="Pliki nagłówkowe">
      <UniqueIdentifier>{93995380-89BD-4b04-88EB-625FBE52EBFB}</UniqueIdentifier>
      <Extensions>h;hh;hpp;hxx;h++;hm;inl;inc;ipp;xsd</Extensions>
    </Filter>
    <Filter Include="Pliki zasobów">
      <UniqueIdentifier>{67DA6AB6-F800-4c08-8B7A-83BB121AAD01}</UniqueIdentifier>
      <Extensions>rc;ico;cur;bmp;dlg;rc2;rct;bin;rgs;gif;jpg;jpeg;jpe;resx;tiff;tif;png;wav;mfcribbon-ms</Extensions>
    </Filter>
    <Filter Include="Pliki źródłowe\GameElement">
      <UniqueIdentifier>{efd24518-dc0d-4aad-91a4-915fb64922f7}</UniqueIdentifier>
    </Filter>
    <Filter Include="Pliki źródłowe\GameElement\Tile">
      <UniqueIdentifier>{d1be23b1-cad4-48bf-8259-3263dec87d85}</UniqueIdentifier>
    </Filter>
    <Filter Include="Pliki nagłówkowe\tile">
      <UniqueIdentifier>{4a57a429-fea1-4360-8b46-7898c49f323c}</UniqueIdentifier>
    </Filter>
  </ItemGroup>
  <ItemGroup>
    <ClCompile Include="main.cpp">
      <Filter>Pliki źródłowe</Filter>
    </ClCompile>
    <ClCompile Include="menu.cpp">
      <Filter>Pliki źródłowe</Filter>
    </ClCompile>
    <ClCompile Include="game.cpp">
      <Filter>Pliki źródłowe</Filter>
    </ClCompile>
    <ClCompile Include="UI.cpp">
      <Filter>Pliki źródłowe</Filter>
    </ClCompile>
    <ClCompile Include="Utils.cpp">
      <Filter>Pliki źródłowe</Filter>
    </ClCompile>
    <ClCompile Include="Settings.cpp">
      <Filter>Pliki źródłowe</Filter>
    </ClCompile>
    <ClCompile Include="InputHelper.cpp">
      <Filter>Pliki źródłowe</Filter>
    </ClCompile>
    <ClCompile Include="editor.cpp">
      <Filter>Pliki źródłowe</Filter>
    </ClCompile>
    <ClCompile Include="Assets.cpp">
      <Filter>Pliki źródłowe</Filter>
    </ClCompile>
    <ClCompile Include="Tile.cpp">
      <Filter>Pliki źródłowe\GameElement\Tile</Filter>
    </ClCompile>
    <ClCompile Include="Grass.cpp">
      <Filter>Pliki źródłowe\GameElement\Tile</Filter>
    </ClCompile>
    <ClCompile Include="Stone.cpp">
      <Filter>Pliki źródłowe\GameElement\Tile</Filter>
    </ClCompile>
    <ClCompile Include="AluminiumWall.cpp">
      <Filter>Pliki źródłowe\GameElement\Tile</Filter>
    </ClCompile>
    <ClCompile Include="AluminiumFloor.cpp">
      <Filter>Pliki źródłowe\GameElement\Tile</Filter>
    </ClCompile>
    <ClCompile Include="Map.cpp">
      <Filter>Pliki źródłowe</Filter>
    </ClCompile>
    <ClCompile Include="aluminiumdoor.cpp">
      <Filter>Pliki źródłowe\GameElement\Tile</Filter>
    </ClCompile>
    <ClCompile Include="ControlPanel.cpp">
      <Filter>Pliki źródłowe\GameElement\Tile</Filter>
    </ClCompile>
  </ItemGroup>
  <ItemGroup>
    <ClInclude Include="menu.h">
      <Filter>Pliki nagłówkowe</Filter>
    </ClInclude>
    <ClInclude Include="game.h">
      <Filter>Pliki nagłówkowe</Filter>
    </ClInclude>
    <ClInclude Include="globals.h">
      <Filter>Pliki nagłówkowe</Filter>
    </ClInclude>
    <ClInclude Include="UI.h">
      <Filter>Pliki nagłówkowe</Filter>
    </ClInclude>
    <ClInclude Include="Utils.h">
      <Filter>Pliki nagłówkowe</Filter>
    </ClInclude>
    <ClInclude Include="Settings.h">
      <Filter>Pliki nagłówkowe</Filter>
    </ClInclude>
    <ClInclude Include="InputHelper.h">
      <Filter>Pliki nagłówkowe</Filter>
    </ClInclude>
    <ClInclude Include="editor.h">
      <Filter>Pliki nagłówkowe</Filter>
    </ClInclude>
    <ClInclude Include="Assets.h">
      <Filter>Pliki nagłówkowe</Filter>
    </ClInclude>
    <ClInclude Include="resource.h">
      <Filter>Pliki nagłówkowe</Filter>
    </ClInclude>
    <ClInclude Include="Map.h">
      <Filter>Pliki nagłówkowe</Filter>
    </ClInclude>
    <ClInclude Include="aluminiumdoor.h">
      <Filter>Pliki nagłówkowe\tile</Filter>
    </ClInclude>
    <ClInclude Include="AluminiumFloor.h">
      <Filter>Pliki nagłówkowe\tile</Filter>
    </ClInclude>
    <ClInclude Include="AluminiumWall.h">
      <Filter>Pliki nagłówkowe\tile</Filter>
    </ClInclude>
    <ClInclude Include="ControlPanel.h">
      <Filter>Pliki nagłówkowe\tile</Filter>
    </ClInclude>
    <ClInclude Include="Stone.h">
      <Filter>Pliki nagłówkowe\tile</Filter>
    </ClInclude>
    <ClInclude Include="Tile.h">
      <Filter>Pliki nagłówkowe\tile</Filter>
    </ClInclude>
    <ClInclude Include="Grass.h">
      <Filter>Pliki nagłówkowe\tile</Filter>
    </ClInclude>
  </ItemGroup>
  <ItemGroup>
    <ResourceCompile Include="projekt.rc">
      <Filter>Pliki zasobów</Filter>
    </ResourceCompile>
  </ItemGroup>
</Project>